
Microsoft Visual Studio Solution File, Format Version 12.00
# Visual Studio 15
VisualStudioVersion = 15.0.28307.757
MinimumVisualStudioVersion = 10.0.40219.1
Project("{FAE04EC0-301F-11D3-BF4B-00C04F79EFBC}") = "ConsoleApp1", "ConsoleApp1\ConsoleApp1.csproj", "{A13E67D2-AE9A-4C6D-9027-0FE05C6D9027}"
EndProject
Project("{FAE04EC0-301F-11D3-BF4B-00C04F79EFBC}") = "SomeClassLib1", "SomeClassLib1\SomeClassLib1.csproj", "{F6F49629-8D34-4051-8A77-C08038E02318}"
EndProject
Project("{FAE04EC0-301F-11D3-BF4B-00C04F79EFBC}") = "ConsoleApp2Core", "ConsoleApp2Core\ConsoleApp2Core.csproj", "{9CAD7F24-FBCC-451A-8759-25D0B83ACB80}"
EndProject
Global
	GlobalSection(SolutionConfigurationPlatforms) = preSolution
		Debug|Any CPU = Debug|Any CPU
		Release|Any CPU = Release|Any CPU
	EndGlobalSection
	GlobalSection(ProjectConfigurationPlatforms) = postSolution
		{A13E67D2-AE9A-4C6D-9027-0FE05C6D9027}.Debug|Any CPU.ActiveCfg = Debug|Any CPU
		{A13E67D2-AE9A-4C6D-9027-0FE05C6D9027}.Debug|Any CPU.Build.0 = Debug|Any CPU
		{A13E67D2-AE9A-4C6D-9027-0FE05C6D9027}.Release|Any CPU.ActiveCfg = Release|Any CPU
		{A13E67D2-AE9A-4C6D-9027-0FE05C6D9027}.Release|Any CPU.Build.0 = Release|Any CPU
		{F6F49629-8D34-4051-8A77-C08038E02318}.Debug|Any CPU.ActiveCfg = Debug|Any CPU
		{F6F49629-8D34-4051-8A77-C08038E02318}.Debug|Any CPU.Build.0 = Debug|Any CPU
		{F6F49629-8D34-4051-8A77-C08038E02318}.Release|Any CPU.ActiveCfg = Release|Any CPU
		{F6F49629-8D34-4051-8A77-C08038E02318}.Release|Any CPU.Build.0 = Release|Any CPU
		{9CAD7F24-FBCC-451A-8759-25D0B83ACB80}.Debug|Any CPU.ActiveCfg = Debug|Any CPU
		{9CAD7F24-FBCC-451A-8759-25D0B83ACB80}.Debug|Any CPU.Build.0 = Debug|Any CPU
		{9CAD7F24-FBCC-451A-8759-25D0B83ACB80}.Release|Any CPU.ActiveCfg = Release|Any CPU
		{9CAD7F24-FBCC-451A-8759-25D0B83ACB80}.Release|Any CPU.Build.0 = Release|Any CPU
	EndGlobalSection
	GlobalSection(SolutionProperties) = preSolution
		HideSolutionNode = FALSE
	EndGlobalSection
	GlobalSection(ExtensibilityGlobals) = postSolution
		SolutionGuid = {677D783A-8139-4862-85C3-3533EF509282}
	EndGlobalSection
EndGlobal
